
Microsoft Visual Studio Solution File, Format Version 12.00
# Visual Studio Version 17
VisualStudioVersion = 17.4.33213.308
MinimumVisualStudioVersion = 10.0.40219.1
Project("{FAE04EC0-301F-11D3-BF4B-00C04F79EFBC}") = "MF900", "MF900\MF900.csproj", "{11DD3378-0966-4C30-B868-A5F1E05BCE49}"
EndProject
Project("{FAE04EC0-301F-11D3-BF4B-00C04F79EFBC}") = "MotionCard", "MotionCard\MotionCard.csproj", "{4427100B-4E3A-43BD-BF0C-8126ABA581FD}"
EndProject
Project("{FAE04EC0-301F-11D3-BF4B-00C04F79EFBC}") = "HVision", "HVision\HVision.csproj", "{C2AA7957-5893-4E49-B874-437FD448622F}"
EndProject
Project("{FAE04EC0-301F-11D3-BF4B-00C04F79EFBC}") = "SolveWare_Service_Vision", "SolveWare_Service_Vision\SolveWare_Service_Vision.csproj", "{D6664D67-8766-4D73-B8FE-94CEE959171B}"
EndProject
Project("{FAE04EC0-301F-11D3-BF4B-00C04F79EFBC}") = "SolveWare_Service_Core", "SolveWare_Service_Core\SolveWare_Service_Core.csproj", "{6BCA7AA8-C9F6-43EB-B6D6-0CD85461F4B0}"
EndProject
Project("{FAE04EC0-301F-11D3-BF4B-00C04F79EFBC}") = "SolveWare_Service_Tool", "SolveWare_Service_Tool\SolveWare_Service_Tool.csproj", "{A50E0066-FC5A-46CA-95FA-EB178D6F864D}"
EndProject
Project("{FAE04EC0-301F-11D3-BF4B-00C04F79EFBC}") = "SolveWare_Service_Utility", "SolveWare_Service_Utility\SolveWare_Service_Utility.csproj", "{A329E8D8-E7A4-4070-ACBB-86601F296534}"
EndProject
Project("{FAE04EC0-301F-11D3-BF4B-00C04F79EFBC}") = "MF900_SolveWare", "MF900_SolveWare\MF900_SolveWare.csproj", "{446725E6-F56C-4778-928B-9E901A095CDD}"
EndProject
Project("{FAE04EC0-301F-11D3-BF4B-00C04F79EFBC}") = "MF900_FunctionTest", "MF900_FunctionTest\MF900_FunctionTest.csproj", "{853D8D4C-EF59-44B1-AFB1-FC262E099D8B}"
EndProject
Project("{FAE04EC0-301F-11D3-BF4B-00C04F79EFBC}") = "SolveWare_ViewTest", "SolveWare_ViewTest\SolveWare_ViewTest.csproj", "{BFEA11DB-2B83-4525-98AE-FCEE5CEBB145}"
EndProject
Global
	GlobalSection(SolutionConfigurationPlatforms) = preSolution
		Debug|Any CPU = Debug|Any CPU
		Release|Any CPU = Release|Any CPU
	EndGlobalSection
	GlobalSection(ProjectConfigurationPlatforms) = postSolution
		{11DD3378-0966-4C30-B868-A5F1E05BCE49}.Debug|Any CPU.ActiveCfg = Debug|Any CPU
		{11DD3378-0966-4C30-B868-A5F1E05BCE49}.Debug|Any CPU.Build.0 = Debug|Any CPU
		{11DD3378-0966-4C30-B868-A5F1E05BCE49}.Release|Any CPU.ActiveCfg = Release|Any CPU
		{11DD3378-0966-4C30-B868-A5F1E05BCE49}.Release|Any CPU.Build.0 = Release|Any CPU
		{4427100B-4E3A-43BD-BF0C-8126ABA581FD}.Debug|Any CPU.ActiveCfg = Debug|Any CPU
		{4427100B-4E3A-43BD-BF0C-8126ABA581FD}.Debug|Any CPU.Build.0 = Debug|Any CPU
		{4427100B-4E3A-43BD-BF0C-8126ABA581FD}.Release|Any CPU.ActiveCfg = Release|Any CPU
		{4427100B-4E3A-43BD-BF0C-8126ABA581FD}.Release|Any CPU.Build.0 = Release|Any CPU
		{C2AA7957-5893-4E49-B874-437FD448622F}.Debug|Any CPU.ActiveCfg = Debug|Any CPU
		{C2AA7957-5893-4E49-B874-437FD448622F}.Debug|Any CPU.Build.0 = Debug|Any CPU
		{C2AA7957-5893-4E49-B874-437FD448622F}.Release|Any CPU.ActiveCfg = Release|Any CPU
		{C2AA7957-5893-4E49-B874-437FD448622F}.Release|Any CPU.Build.0 = Release|Any CPU
		{D6664D67-8766-4D73-B8FE-94CEE959171B}.Debug|Any CPU.ActiveCfg = Debug|Any CPU
		{D6664D67-8766-4D73-B8FE-94CEE959171B}.Debug|Any CPU.Build.0 = Debug|Any CPU
		{D6664D67-8766-4D73-B8FE-94CEE959171B}.Release|Any CPU.ActiveCfg = Release|Any CPU
		{D6664D67-8766-4D73-B8FE-94CEE959171B}.Release|Any CPU.Build.0 = Release|Any CPU
		{6BCA7AA8-C9F6-43EB-B6D6-0CD85461F4B0}.Debug|Any CPU.ActiveCfg = Debug|Any CPU
		{6BCA7AA8-C9F6-43EB-B6D6-0CD85461F4B0}.Debug|Any CPU.Build.0 = Debug|Any CPU
		{6BCA7AA8-C9F6-43EB-B6D6-0CD85461F4B0}.Release|Any CPU.ActiveCfg = Release|Any CPU
		{6BCA7AA8-C9F6-43EB-B6D6-0CD85461F4B0}.Release|Any CPU.Build.0 = Release|Any CPU
		{A50E0066-FC5A-46CA-95FA-EB178D6F864D}.Debug|Any CPU.ActiveCfg = Debug|Any CPU
		{A50E0066-FC5A-46CA-95FA-EB178D6F864D}.Debug|Any CPU.Build.0 = Debug|Any CPU
		{A50E0066-FC5A-46CA-95FA-EB178D6F864D}.Release|Any CPU.ActiveCfg = Release|Any CPU
		{A50E0066-FC5A-46CA-95FA-EB178D6F864D}.Release|Any CPU.Build.0 = Release|Any CPU
		{A329E8D8-E7A4-4070-ACBB-86601F296534}.Debug|Any CPU.ActiveCfg = Debug|Any CPU
		{A329E8D8-E7A4-4070-ACBB-86601F296534}.Debug|Any CPU.Build.0 = Debug|Any CPU
		{A329E8D8-E7A4-4070-ACBB-86601F296534}.Release|Any CPU.ActiveCfg = Release|Any CPU
		{A329E8D8-E7A4-4070-ACBB-86601F296534}.Release|Any CPU.Build.0 = Release|Any CPU
		{446725E6-F56C-4778-928B-9E901A095CDD}.Debug|Any CPU.ActiveCfg = Debug|Any CPU
		{446725E6-F56C-4778-928B-9E901A095CDD}.Debug|Any CPU.Build.0 = Debug|Any CPU
		{446725E6-F56C-4778-928B-9E901A095CDD}.Release|Any CPU.ActiveCfg = Release|Any CPU
		{446725E6-F56C-4778-928B-9E901A095CDD}.Release|Any CPU.Build.0 = Release|Any CPU
		{853D8D4C-EF59-44B1-AFB1-FC262E099D8B}.Debug|Any CPU.ActiveCfg = Debug|Any CPU
		{853D8D4C-EF59-44B1-AFB1-FC262E099D8B}.Debug|Any CPU.Build.0 = Debug|Any CPU
		{853D8D4C-EF59-44B1-AFB1-FC262E099D8B}.Release|Any CPU.ActiveCfg = Release|Any CPU
		{853D8D4C-EF59-44B1-AFB1-FC262E099D8B}.Release|Any CPU.Build.0 = Release|Any CPU
		{BFEA11DB-2B83-4525-98AE-FCEE5CEBB145}.Debug|Any CPU.ActiveCfg = Debug|Any CPU
		{BFEA11DB-2B83-4525-98AE-FCEE5CEBB145}.Debug|Any CPU.Build.0 = Debug|Any CPU
		{BFEA11DB-2B83-4525-98AE-FCEE5CEBB145}.Release|Any CPU.ActiveCfg = Release|Any CPU
		{BFEA11DB-2B83-4525-98AE-FCEE5CEBB145}.Release|Any CPU.Build.0 = Release|Any CPU
	EndGlobalSection
	GlobalSection(SolutionProperties) = preSolution
		HideSolutionNode = FALSE
	EndGlobalSection
	GlobalSection(ExtensibilityGlobals) = postSolution
		SolutionGuid = {CF7C2C3C-AE22-49FD-ADB3-C25F9EF1B4F0}
	EndGlobalSection
EndGlobal
